
Microsoft Visual Studio Solution File, Format Version 12.00
# Visual Studio Version 17
VisualStudioVersion = 17.0.31903.59
MinimumVisualStudioVersion = 10.0.40219.1
Project("{2150E333-8FDC-42A3-9474-1A3956D46DE8}") = "src", "src", "{0CFC3917-908A-4EB4-BF6E-9E3263BA0D8D}"
EndProject
Project("{FAE04EC0-301F-11D3-BF4B-00C04F79EFBC}") = "OpenAPISwaggerDoc.DataLayer", "src\OpenAPISwaggerDoc.DataLayer\OpenAPISwaggerDoc.DataLayer.csproj", "{4407F7D7-D188-4AE3-9727-AA2CC2678BDA}"
EndProject
Project("{FAE04EC0-301F-11D3-BF4B-00C04F79EFBC}") = "OpenAPISwaggerDoc.Entities", "src\OpenAPISwaggerDoc.Entities\OpenAPISwaggerDoc.Entities.csproj", "{2AA7B86E-0C52-4E45-BF6E-420A5D58DB71}"
EndProject
Project("{FAE04EC0-301F-11D3-BF4B-00C04F79EFBC}") = "OpenAPISwaggerDoc.Models", "src\OpenAPISwaggerDoc.Models\OpenAPISwaggerDoc.Models.csproj", "{F3C30F1B-B495-4194-BE9D-206D0C82F41D}"
EndProject
Project("{FAE04EC0-301F-11D3-BF4B-00C04F79EFBC}") = "OpenAPISwaggerDoc.Profiles", "src\OpenAPISwaggerDoc.Profiles\OpenAPISwaggerDoc.Profiles.csproj", "{CA342A75-AF14-4BEC-8E4F-61661B40F71B}"
EndProject
Project("{FAE04EC0-301F-11D3-BF4B-00C04F79EFBC}") = "OpenAPISwaggerDoc.Services", "src\OpenAPISwaggerDoc.Services\OpenAPISwaggerDoc.Services.csproj", "{B1DA38BD-87DD-41DF-B441-07E646704848}"
EndProject
Project("{FAE04EC0-301F-11D3-BF4B-00C04F79EFBC}") = "OpenAPISwaggerDoc.Web", "src\OpenAPISwaggerDoc.Web\OpenAPISwaggerDoc.Web.csproj", "{D4003F72-BCD9-48E2-B8FF-96E90F84FB1D}"
EndProject
Global
	GlobalSection(SolutionConfigurationPlatforms) = preSolution
		Debug|Any CPU = Debug|Any CPU
		Release|Any CPU = Release|Any CPU
	EndGlobalSection
	GlobalSection(SolutionProperties) = preSolution
		HideSolutionNode = FALSE
	EndGlobalSection
	GlobalSection(ProjectConfigurationPlatforms) = postSolution
		{4407F7D7-D188-4AE3-9727-AA2CC2678BDA}.Debug|Any CPU.ActiveCfg = Debug|Any CPU
		{4407F7D7-D188-4AE3-9727-AA2CC2678BDA}.Debug|Any CPU.Build.0 = Debug|Any CPU
		{4407F7D7-D188-4AE3-9727-AA2CC2678BDA}.Release|Any CPU.ActiveCfg = Release|Any CPU
		{4407F7D7-D188-4AE3-9727-AA2CC2678BDA}.Release|Any CPU.Build.0 = Release|Any CPU
		{2AA7B86E-0C52-4E45-BF6E-420A5D58DB71}.Debug|Any CPU.ActiveCfg = Debug|Any CPU
		{2AA7B86E-0C52-4E45-BF6E-420A5D58DB71}.Debug|Any CPU.Build.0 = Debug|Any CPU
		{2AA7B86E-0C52-4E45-BF6E-420A5D58DB71}.Release|Any CPU.ActiveCfg = Release|Any CPU
		{2AA7B86E-0C52-4E45-BF6E-420A5D58DB71}.Release|Any CPU.Build.0 = Release|Any CPU
		{F3C30F1B-B495-4194-BE9D-206D0C82F41D}.Debug|Any CPU.ActiveCfg = Debug|Any CPU
		{F3C30F1B-B495-4194-BE9D-206D0C82F41D}.Debug|Any CPU.Build.0 = Debug|Any CPU
		{F3C30F1B-B495-4194-BE9D-206D0C82F41D}.Release|Any CPU.ActiveCfg = Release|Any CPU
		{F3C30F1B-B495-4194-BE9D-206D0C82F41D}.Release|Any CPU.Build.0 = Release|Any CPU
		{CA342A75-AF14-4BEC-8E4F-61661B40F71B}.Debug|Any CPU.ActiveCfg = Debug|Any CPU
		{CA342A75-AF14-4BEC-8E4F-61661B40F71B}.Debug|Any CPU.Build.0 = Debug|Any CPU
		{CA342A75-AF14-4BEC-8E4F-61661B40F71B}.Release|Any CPU.ActiveCfg = Release|Any CPU
		{CA342A75-AF14-4BEC-8E4F-61661B40F71B}.Release|Any CPU.Build.0 = Release|Any CPU
		{B1DA38BD-87DD-41DF-B441-07E646704848}.Debug|Any CPU.ActiveCfg = Debug|Any CPU
		{B1DA38BD-87DD-41DF-B441-07E646704848}.Debug|Any CPU.Build.0 = Debug|Any CPU
		{B1DA38BD-87DD-41DF-B441-07E646704848}.Release|Any CPU.ActiveCfg = Release|Any CPU
		{B1DA38BD-87DD-41DF-B441-07E646704848}.Release|Any CPU.Build.0 = Release|Any CPU
		{D4003F72-BCD9-48E2-B8FF-96E90F84FB1D}.Debug|Any CPU.ActiveCfg = Debug|Any CPU
		{D4003F72-BCD9-48E2-B8FF-96E90F84FB1D}.Debug|Any CPU.Build.0 = Debug|Any CPU
		{D4003F72-BCD9-48E2-B8FF-96E90F84FB1D}.Release|Any CPU.ActiveCfg = Release|Any CPU
		{D4003F72-BCD9-48E2-B8FF-96E90F84FB1D}.Release|Any CPU.Build.0 = Release|Any CPU
	EndGlobalSection
	GlobalSection(NestedProjects) = preSolution
		{4407F7D7-D188-4AE3-9727-AA2CC2678BDA} = {0CFC3917-908A-4EB4-BF6E-9E3263BA0D8D}
		{2AA7B86E-0C52-4E45-BF6E-420A5D58DB71} = {0CFC3917-908A-4EB4-BF6E-9E3263BA0D8D}
		{F3C30F1B-B495-4194-BE9D-206D0C82F41D} = {0CFC3917-908A-4EB4-BF6E-9E3263BA0D8D}
		{CA342A75-AF14-4BEC-8E4F-61661B40F71B} = {0CFC3917-908A-4EB4-BF6E-9E3263BA0D8D}
		{B1DA38BD-87DD-41DF-B441-07E646704848} = {0CFC3917-908A-4EB4-BF6E-9E3263BA0D8D}
		{D4003F72-BCD9-48E2-B8FF-96E90F84FB1D} = {0CFC3917-908A-4EB4-BF6E-9E3263BA0D8D}
	EndGlobalSection
EndGlobal
